{"1.2.0",
[{<<"accept">>,{pkg,<<"accept">>,<<"0.3.5">>},2},
 {<<"b64fast">>,
  {git,"https://github.com/ArweaveTeam/b64fast.git",
       {ref,"58f0502e49bf73b29d95c6d02460d1fb8d2a5273"}},
  0},
 {<<"cowboy">>,{pkg,<<"cowboy">>,<<"2.12.0">>},0},
 {<<"cowlib">>,{pkg,<<"cowlib">>,<<"2.15.0">>},0},
 {<<"gun">>,{pkg,<<"gun">>,<<"2.2.0">>},0},
 {<<"jiffy">>,
  {git,"https://github.com/ArweaveTeam/jiffy.git",
       {ref,"073da726e07bafb5d140020a9e8765c703da3ef7"}},
  0},
 {<<"prometheus">>,{pkg,<<"prometheus">>,<<"4.11.0">>},0},
 {<<"prometheus_cowboy">>,{pkg,<<"prometheus_cowboy">>,<<"0.1.8">>},0},
 {<<"prometheus_httpd">>,{pkg,<<"prometheus_httpd">>,<<"2.1.11">>},1},
 {<<"prometheus_process_collector">>,
  {git,"https://github.com/ArweaveTeam/prometheus_process_collector.git",
       {ref,"1362b608ffa4748cdf5dba92b85c981218fd4fa2"}},
  0},
 {<<"quantile_estimator">>,{pkg,<<"quantile_estimator">>,<<"0.2.1">>},1},
 {<<"ranch">>,{pkg,<<"ranch">>,<<"1.8.1">>},0},
 {<<"recon">>,
  {git,"https://github.com/ferd/recon.git",
       {ref,"c2a76855be3a226a3148c0dfc21ce000b6186ef8"}},
  0},
 {<<"rocksdb">>,
  {git,"https://github.com/ArweaveTeam/erlang-rocksdb.git",
       {ref,"0e0b2f051e8f5720ceaea19dc51a7561f2472279"}},
  0}]}.
[
{pkg_hash,[
 {<<"accept">>, <<"B33B127ABCA7CC948BBE6CAA4C263369ABF1347CFA9D8E699C6D214660F10CD1">>},
 {<<"cowboy">>, <<"F276D521A1FF88B2B9B4C54D0E753DA6C66DD7BE6C9FCA3D9418B561828A3731">>},
 {<<"cowlib">>, <<"3C97A318A933962D1C12B96AB7C1D728267D2C523C25A5B57B0F93392B6E9E25">>},
 {<<"gun">>, <<"B8F6B7D417E277D4C2B0DC3C07DFDF892447B087F1CC1CAFF9C0F556B884E33D">>},
 {<<"prometheus">>, <<"B95F8DE8530F541BD95951E18E355A840003672E5EDA4788C5FA6183406BA29A">>},
 {<<"prometheus_cowboy">>, <<"CFCE0BC7B668C5096639084FCD873826E6220EA714BF60A716F5BD080EF2A99C">>},
 {<<"prometheus_httpd">>, <<"F616ED9B85B536B195D94104063025A91F904A4CFC20255363F49A197D96C896">>},
 {<<"quantile_estimator">>, <<"EF50A361F11B5F26B5F16D0696E46A9E4661756492C981F7B2229EF42FF1CD15">>},
 {<<"ranch">>, <<"208169E65292AC5D333D6CDBAD49388C1AE198136E4697AE2F474697140F201C">>}]},
{pkg_hash_ext,[
 {<<"accept">>, <<"11B18C220BCC2EAB63B5470C038EF10EB6783BCB1FCDB11AA4137DEFA5AC1BB8">>},
 {<<"cowboy">>, <<"8A7ABE6D183372CEB21CAA2709BEC928AB2B72E18A3911AA1771639BEF82651E">>},
 {<<"cowlib">>, <<"4F00C879A64B4FE7C8FCB42A4281925E9FFDB928820B03C3AD325A617E857532">>},
 {<<"gun">>, <<"76022700C64287FEB4DF93A1795CFF6741B83FB37415C40C34C38D2A4645261A">>},
 {<<"prometheus">>, <<"719862351AABF4DF7079B05DC085D2BBCBE3AC0AC3009E956671B1D5AB88247D">>},
 {<<"prometheus_cowboy">>, <<"BA286BECA9302618418892D37BCD5DC669A6CC001F4EB6D6AF85FF81F3F4F34C">>},
 {<<"prometheus_httpd">>, <<"0BBE831452CFDF9588538EB2F570B26F30C348ADAE5E95A7D87F35A5910BCF92">>},
 {<<"quantile_estimator">>, <<"282A8A323CA2A845C9E6F787D166348F776C1D4A41EDE63046D72D422E3DA946">>},
 {<<"ranch">>, <<"AED58910F4E21DEEA992A67BF51632B6D60114895EB03BB392BB733064594DD0">>}]}
].
